{
  "name": "fae",
  "version": "1.0.0",
  "lockfileVersion": 1,
  "requires": true,
  "dependencies": {
    "json-circular-stringify": {
      "version": "0.0.1",
      "resolved": "https://registry.npmjs.org/json-circular-stringify/-/json-circular-stringify-0.0.1.tgz",
      "integrity": "sha1-AVN9mJJaH0mRYbDr7pRbIFOUZPI=",
      "requires": {
        "json-stringify-safe": "^5.0.1"
      }
    },
    "json-stringify-safe": {
      "version": "5.0.1",
      "resolved": "https://registry.npmjs.org/json-stringify-safe/-/json-stringify-safe-5.0.1.tgz",
      "integrity": "sha1-Epai1Y/UXxmg9s4B1lcB4sc1tus="
    }
  }
}
